
Microsoft Visual Studio Solution File, Format Version 12.00
# Visual Studio Version 17
VisualStudioVersion = 17.7.34031.279
MinimumVisualStudioVersion = 10.0.40219.1
Project("{FAE04EC0-301F-11D3-BF4B-00C04F79EFBC}") = "CISample", "CISample\CISample.csproj", "{BD58FD9F-F9E4-48B6-8FBC-256797140F89}"
EndProject
Global
	GlobalSection(SolutionConfigurationPlatforms) = preSolution
		Debug|Any CPU = Debug|Any CPU
		Release|Any CPU = Release|Any CPU
	EndGlobalSection
	GlobalSection(ProjectConfigurationPlatforms) = postSolution
		{BD58FD9F-F9E4-48B6-8FBC-256797140F89}.Debug|Any CPU.ActiveCfg = Debug|Any CPU
		{BD58FD9F-F9E4-48B6-8FBC-256797140F89}.Debug|Any CPU.Build.0 = Debug|Any CPU
		{BD58FD9F-F9E4-48B6-8FBC-256797140F89}.Release|Any CPU.ActiveCfg = Release|Any CPU
		{BD58FD9F-F9E4-48B6-8FBC-256797140F89}.Release|Any CPU.Build.0 = Release|Any CPU
	EndGlobalSection
	GlobalSection(SolutionProperties) = preSolution
		HideSolutionNode = FALSE
	EndGlobalSection
	GlobalSection(ExtensibilityGlobals) = postSolution
		SolutionGuid = {BBE3C9DF-9FB2-4994-BAF4-79F0E9D22CB9}
	EndGlobalSection
EndGlobal
